PODS:
  - Alamofire (4.7.0)
  - Dodo (11.0.2)
  - Kingfisher (4.6.4)

DEPENDENCIES:
  - Alamofire
  - Dodo
  - Kingfisher

SPEC CHECKSUMS:
  Alamofire: 907e0a98eb68cdb7f9d1f541a563d6ac5dc77b25
  Dodo: d7e393c79aaaf3c51ed1311933493b6f1ccdde62
  Kingfisher: 68498a706e46c2a050b0c9572f100e5db407f6e0

PODFILE CHECKSUM: dc6506387fa5705f4e4333927b552c03b385ae02

COCOAPODS: 1.4.0
