// !$*UTF8*$!
{
	archiveVersion = 1;
	classes = {
	};
	objectVersion = 50;
	objects = {

/* Begin PBXBuildFile section */
		8F2799CC20E3FB950099715A /* AppDelegate.swift in Sources */ = {isa = PBXBuildFile; fileRef = 8F2799CB20E3FB950099715A /* AppDelegate.swift */; };
		8F2799D120E3FB950099715A /* Main.storyboard in Resources */ = {isa = PBXBuildFile; fileRef = 8F2799CF20E3FB950099715A /* Main.storyboard */; };
		8F2799D320E3FB970099715A /* Assets.xcassets in Resources */ = {isa = PBXBuildFile; fileRef = 8F2799D220E3FB970099715A /* Assets.xcassets */; };
		8F2799D620E3FB970099715A /* LaunchScreen.storyboard in Resources */ = {isa = PBXBuildFile; fileRef = 8F2799D420E3FB970099715A /* LaunchScreen.storyboard */; };
		8FDE2BBE20E4DE4F005E98BF /* Character.swift in Sources */ = {isa = PBXBuildFile; fileRef = 8FDE2BBD20E4DE4F005E98BF /* Character.swift */; };
		8FDE2BC020E4DFF4005E98BF /* CharacterStatus.swift in Sources */ = {isa = PBXBuildFile; fileRef = 8FDE2BBF20E4DFF4005E98BF /* CharacterStatus.swift */; };
		8FDE2BC220E4E004005E98BF /* Gender.swift in Sources */ = {isa = PBXBuildFile; fileRef = 8FDE2BC120E4E004005E98BF /* Gender.swift */; };
		8FDE2BC620E4E119005E98BF /* LocationLink.swift in Sources */ = {isa = PBXBuildFile; fileRef = 8FDE2BC520E4E119005E98BF /* LocationLink.swift */; };
		8FDE2BC920E4E2F5005E98BF /* Location.swift in Sources */ = {isa = PBXBuildFile; fileRef = 8FDE2BC820E4E2F5005E98BF /* Location.swift */; };
		8FDE2BCE20E4E53D005E98BF /* Episode.swift in Sources */ = {isa = PBXBuildFile; fileRef = 8FDE2BCD20E4E53D005E98BF /* Episode.swift */; };
		8FDE2BD120E4E729005E98BF /* URLable.swift in Sources */ = {isa = PBXBuildFile; fileRef = 8FDE2BD020E4E729005E98BF /* URLable.swift */; };
		8FDE2BD520E4EC0B005E98BF /* CharactersController.swift in Sources */ = {isa = PBXBuildFile; fileRef = 8FDE2BD420E4EC0B005E98BF /* CharactersController.swift */; };
		8FDE2BD720E4ED5A005E98BF /* ApiRouter.swift in Sources */ = {isa = PBXBuildFile; fileRef = 8FDE2BD620E4ED5A005E98BF /* ApiRouter.swift */; };
		8FDE2BDC20E4F102005E98BF /* CharactersViewModel.swift in Sources */ = {isa = PBXBuildFile; fileRef = 8FDE2BDB20E4F102005E98BF /* CharactersViewModel.swift */; };
		8FDE2BDE20E5025E005E98BF /* BaseResponse.swift in Sources */ = {isa = PBXBuildFile; fileRef = 8FDE2BDD20E5025E005E98BF /* BaseResponse.swift */; };
		8FDE2BE020E5046C005E98BF /* DataResponseError.swift in Sources */ = {isa = PBXBuildFile; fileRef = 8FDE2BDF20E5046C005E98BF /* DataResponseError.swift */; };
		8FDE2BE220E506B1005E98BF /* CharacterTableViewCell.swift in Sources */ = {isa = PBXBuildFile; fileRef = 8FDE2BE120E506B1005E98BF /* CharacterTableViewCell.swift */; };
		8FDE2BE420E50718005E98BF /* StoryboardIdentifiable.swift in Sources */ = {isa = PBXBuildFile; fileRef = 8FDE2BE320E50718005E98BF /* StoryboardIdentifiable.swift */; };
		F2E962C2ED3C19B407B080C3 /* Pods_Rick_Morty.framework in Frameworks */ = {isa = PBXBuildFile; fileRef = 148812098D226CC594301C10 /* Pods_Rick_Morty.framework */; };
/* End PBXBuildFile section */

/* Begin PBXFileReference section */
		148812098D226CC594301C10 /* Pods_Rick_Morty.framework */ = {isa = PBXFileReference; explicitFileType = wrapper.framework; includeInIndex = 0; path = Pods_Rick_Morty.framework; sourceTree = BUILT_PRODUCTS_DIR; };
		3503A7C24EB23B13437268E6 /* Pods-Rick&Morty.release.xcconfig */ = {isa = PBXFileReference; includeInIndex = 1; lastKnownFileType = text.xcconfig; name = "Pods-Rick&Morty.release.xcconfig"; path = "Pods/Target Support Files/Pods-Rick&Morty/Pods-Rick&Morty.release.xcconfig"; sourceTree = "<group>"; };
		8F2799C820E3FB950099715A /* Rick&Morty.app */ = {isa = PBXFileReference; explicitFileType = wrapper.application; includeInIndex = 0; path = "Rick&Morty.app"; sourceTree = BUILT_PRODUCTS_DIR; };
		8F2799CB20E3FB950099715A /* AppDelegate.swift */ = {isa = PBXFileReference; lastKnownFileType = sourcecode.swift; path = AppDelegate.swift; sourceTree = "<group>"; };
		8F2799D020E3FB950099715A /* Base */ = {isa = PBXFileReference; lastKnownFileType = file.storyboard; name = Base; path = Base.lproj/Main.storyboard; sourceTree = "<group>"; };
		8F2799D220E3FB970099715A /* Assets.xcassets */ = {isa = PBXFileReference; lastKnownFileType = folder.assetcatalog; path = Assets.xcassets; sourceTree = "<group>"; };
		8F2799D520E3FB970099715A /* Base */ = {isa = PBXFileReference; lastKnownFileType = file.storyboard; name = Base; path = Base.lproj/LaunchScreen.storyboard; sourceTree = "<group>"; };
		8F2799D720E3FB970099715A /* Info.plist */ = {isa = PBXFileReference; lastKnownFileType = text.plist.xml; path = Info.plist; sourceTree = "<group>"; };
		8FDE2BBD20E4DE4F005E98BF /* Character.swift */ = {isa = PBXFileReference; lastKnownFileType = sourcecode.swift; path = Character.swift; sourceTree = "<group>"; };
		8FDE2BBF20E4DFF4005E98BF /* CharacterStatus.swift */ = {isa = PBXFileReference; lastKnownFileType = sourcecode.swift; path = CharacterStatus.swift; sourceTree = "<group>"; };
		8FDE2BC120E4E004005E98BF /* Gender.swift */ = {isa = PBXFileReference; lastKnownFileType = sourcecode.swift; path = Gender.swift; sourceTree = "<group>"; };
		8FDE2BC520E4E119005E98BF /* LocationLink.swift */ = {isa = PBXFileReference; lastKnownFileType = sourcecode.swift; path = LocationLink.swift; sourceTree = "<group>"; };
		8FDE2BC820E4E2F5005E98BF /* Location.swift */ = {isa = PBXFileReference; lastKnownFileType = sourcecode.swift; path = Location.swift; sourceTree = "<group>"; };
		8FDE2BCD20E4E53D005E98BF /* Episode.swift */ = {isa = PBXFileReference; lastKnownFileType = sourcecode.swift; path = Episode.swift; sourceTree = "<group>"; };
		8FDE2BD020E4E729005E98BF /* URLable.swift */ = {isa = PBXFileReference; lastKnownFileType = sourcecode.swift; path = URLable.swift; sourceTree = "<group>"; };
		8FDE2BD420E4EC0B005E98BF /* CharactersController.swift */ = {isa = PBXFileReference; lastKnownFileType = sourcecode.swift; path = CharactersController.swift; sourceTree = "<group>"; };
		8FDE2BD620E4ED5A005E98BF /* ApiRouter.swift */ = {isa = PBXFileReference; lastKnownFileType = sourcecode.swift; path = ApiRouter.swift; sourceTree = "<group>"; };
		8FDE2BDB20E4F102005E98BF /* CharactersViewModel.swift */ = {isa = PBXFileReference; lastKnownFileType = sourcecode.swift; path = CharactersViewModel.swift; sourceTree = "<group>"; };
		8FDE2BDD20E5025E005E98BF /* BaseResponse.swift */ = {isa = PBXFileReference; lastKnownFileType = sourcecode.swift; path = BaseResponse.swift; sourceTree = "<group>"; };
		8FDE2BDF20E5046C005E98BF /* DataResponseError.swift */ = {isa = PBXFileReference; lastKnownFileType = sourcecode.swift; path = DataResponseError.swift; sourceTree = "<group>"; };
		8FDE2BE120E506B1005E98BF /* CharacterTableViewCell.swift */ = {isa = PBXFileReference; lastKnownFileType = sourcecode.swift; path = CharacterTableViewCell.swift; sourceTree = "<group>"; };
		8FDE2BE320E50718005E98BF /* StoryboardIdentifiable.swift */ = {isa = PBXFileReference; lastKnownFileType = sourcecode.swift; path = StoryboardIdentifiable.swift; sourceTree = "<group>"; };
		B4FBDEE086BED61772B42016 /* Pods-Rick&Morty.debug.xcconfig */ = {isa = PBXFileReference; includeInIndex = 1; lastKnownFileType = text.xcconfig; name = "Pods-Rick&Morty.debug.xcconfig"; path = "Pods/Target Support Files/Pods-Rick&Morty/Pods-Rick&Morty.debug.xcconfig"; sourceTree = "<group>"; };
/* End PBXFileReference section */

/* Begin PBXFrameworksBuildPhase section */
		8F2799C520E3FB950099715A /* Frameworks */ = {
			isa = PBXFrameworksBuildPhase;
			buildActionMask = 2147483647;
			files = (
				F2E962C2ED3C19B407B080C3 /* Pods_Rick_Morty.framework in Frameworks */,
			);
			runOnlyForDeploymentPostprocessing = 0;
		};
/* End PBXFrameworksBuildPhase section */

/* Begin PBXGroup section */
		4065E5E9A3030938F46744ED /* Pods */ = {
			isa = PBXGroup;
			children = (
				B4FBDEE086BED61772B42016 /* Pods-Rick&Morty.debug.xcconfig */,
				3503A7C24EB23B13437268E6 /* Pods-Rick&Morty.release.xcconfig */,
			);
			name = Pods;
			sourceTree = "<group>";
		};
		50BEA5192E73CD2166132978 /* Frameworks */ = {
			isa = PBXGroup;
			children = (
				148812098D226CC594301C10 /* Pods_Rick_Morty.framework */,
			);
			name = Frameworks;
			sourceTree = "<group>";
		};
		8F2799BF20E3FB950099715A = {
			isa = PBXGroup;
			children = (
				8F2799CA20E3FB950099715A /* Rick&Morty */,
				8F2799C920E3FB950099715A /* Products */,
				4065E5E9A3030938F46744ED /* Pods */,
				50BEA5192E73CD2166132978 /* Frameworks */,
			);
			sourceTree = "<group>";
		};
		8F2799C920E3FB950099715A /* Products */ = {
			isa = PBXGroup;
			children = (
				8F2799C820E3FB950099715A /* Rick&Morty.app */,
			);
			name = Products;
			sourceTree = "<group>";
		};
		8F2799CA20E3FB950099715A /* Rick&Morty */ = {
			isa = PBXGroup;
			children = (
				8F2799E020E3FC250099715A /* Common */,
				8F2799DF20E3FC1E0099715A /* Controllers */,
				8F2799DD20E3FBE50099715A /* Model */,
				8FDE2BD820E4F0D7005E98BF /* ViewModels */,
				8FDE2BBC20E4DE18005E98BF /* Networking */,
				8F2799DE20E3FBED0099715A /* Resources */,
				8F2799CB20E3FB950099715A /* AppDelegate.swift */,
			);
			path = "Rick&Morty";
			sourceTree = "<group>";
		};
		8F2799DD20E3FBE50099715A /* Model */ = {
			isa = PBXGroup;
			children = (
				8FDE2BCF20E4E6EE005E98BF /* Protocols */,
				8FDE2BC720E4E124005E98BF /* Enums */,
				8FDE2BDD20E5025E005E98BF /* BaseResponse.swift */,
				8FDE2BBD20E4DE4F005E98BF /* Character.swift */,
				8FDE2BC820E4E2F5005E98BF /* Location.swift */,
				8FDE2BC520E4E119005E98BF /* LocationLink.swift */,
				8FDE2BCD20E4E53D005E98BF /* Episode.swift */,
			);
			path = Model;
			sourceTree = "<group>";
		};
		8F2799DE20E3FBED0099715A /* Resources */ = {
			isa = PBXGroup;
			children = (
				8F2799D220E3FB970099715A /* Assets.xcassets */,
				8F2799D420E3FB970099715A /* LaunchScreen.storyboard */,
				8F2799D720E3FB970099715A /* Info.plist */,
			);
			path = Resources;
			sourceTree = "<group>";
		};
		8F2799DF20E3FC1E0099715A /* Controllers */ = {
			isa = PBXGroup;
			children = (
				8FDE2BD420E4EC0B005E98BF /* CharactersController.swift */,
				8FDE2BE120E506B1005E98BF /* CharacterTableViewCell.swift */,
				8F2799CF20E3FB950099715A /* Main.storyboard */,
			);
			path = Controllers;
			sourceTree = "<group>";
		};
		8F2799E020E3FC250099715A /* Common */ = {
			isa = PBXGroup;
			children = (
				8FDE2BE320E50718005E98BF /* StoryboardIdentifiable.swift */,
			);
			path = Common;
			sourceTree = "<group>";
		};
		8FDE2BBC20E4DE18005E98BF /* Networking */ = {
			isa = PBXGroup;
			children = (
				8FDE2BD620E4ED5A005E98BF /* ApiRouter.swift */,
				8FDE2BDF20E5046C005E98BF /* DataResponseError.swift */,
			);
			path = Networking;
			sourceTree = "<group>";
		};
		8FDE2BC720E4E124005E98BF /* Enums */ = {
			isa = PBXGroup;
			children = (
				8FDE2BBF20E4DFF4005E98BF /* CharacterStatus.swift */,
				8FDE2BC120E4E004005E98BF /* Gender.swift */,
			);
			path = Enums;
			sourceTree = "<group>";
		};
		8FDE2BCF20E4E6EE005E98BF /* Protocols */ = {
			isa = PBXGroup;
			children = (
				8FDE2BD020E4E729005E98BF /* URLable.swift */,
			);
			path = Protocols;
			sourceTree = "<group>";
		};
		8FDE2BD820E4F0D7005E98BF /* ViewModels */ = {
			isa = PBXGroup;
			children = (
				8FDE2BDB20E4F102005E98BF /* CharactersViewModel.swift */,
			);
			path = ViewModels;
			sourceTree = "<group>";
		};
/* End PBXGroup section */

/* Begin PBXNativeTarget section */
		8F2799C720E3FB950099715A /* Rick&Morty */ = {
			isa = PBXNativeTarget;
			buildConfigurationList = 8F2799DA20E3FB970099715A /* Build configuration list for PBXNativeTarget "Rick&Morty" */;
			buildPhases = (
				8FD1EFD30E7C0902EF32BFAC /* [CP] Check Pods Manifest.lock */,
				8F2799C420E3FB950099715A /* Sources */,
				8F2799C520E3FB950099715A /* Frameworks */,
				8F2799C620E3FB950099715A /* Resources */,
				40327CE694F2CD6CB50AB895 /* [CP] Embed Pods Frameworks */,
				75080F95E24D52AEA3143758 /* [CP] Copy Pods Resources */,
			);
			buildRules = (
			);
			dependencies = (
			);
			name = "Rick&Morty";
			productName = "Rick&Morty";
			productReference = 8F2799C820E3FB950099715A /* Rick&Morty.app */;
			productType = "com.apple.product-type.application";
		};
/* End PBXNativeTarget section */

/* Begin PBXProject section */
		8F2799C020E3FB950099715A /* Project object */ = {
			isa = PBXProject;
			attributes = {
				LastSwiftUpdateCheck = 0930;
				LastUpgradeCheck = 0930;
				ORGANIZATIONNAME = "Andriy Stefanchuk";
				TargetAttributes = {
					8F2799C720E3FB950099715A = {
						CreatedOnToolsVersion = 9.3;
					};
				};
			};
			buildConfigurationList = 8F2799C320E3FB950099715A /* Build configuration list for PBXProject "Rick&Morty" */;
			compatibilityVersion = "Xcode 9.3";
			developmentRegion = en;
			hasScannedForEncodings = 0;
			knownRegions = (
				en,
				Base,
			);
			mainGroup = 8F2799BF20E3FB950099715A;
			productRefGroup = 8F2799C920E3FB950099715A /* Products */;
			projectDirPath = "";
			projectRoot = "";
			targets = (
				8F2799C720E3FB950099715A /* Rick&Morty */,
			);
		};
/* End PBXProject section */

/* Begin PBXResourcesBuildPhase section */
		8F2799C620E3FB950099715A /* Resources */ = {
			isa = PBXResourcesBuildPhase;
			buildActionMask = 2147483647;
			files = (
				8F2799D620E3FB970099715A /* LaunchScreen.storyboard in Resources */,
				8F2799D320E3FB970099715A /* Assets.xcassets in Resources */,
				8F2799D120E3FB950099715A /* Main.storyboard in Resources */,
			);
			runOnlyForDeploymentPostprocessing = 0;
		};
/* End PBXResourcesBuildPhase section */

/* Begin PBXShellScriptBuildPhase section */
		40327CE694F2CD6CB50AB895 /* [CP] Embed Pods Frameworks */ = {
			isa = PBXShellScriptBuildPhase;
			buildActionMask = 2147483647;
			files = (
			);
			inputPaths = (
				"${SRCROOT}/Pods/Target Support Files/Pods-Rick&Morty/Pods-Rick&Morty-frameworks.sh",
				"${BUILT_PRODUCTS_DIR}/Alamofire/Alamofire.framework",
				"${BUILT_PRODUCTS_DIR}/Kingfisher/Kingfisher.framework",
			);
			name = "[CP] Embed Pods Frameworks";
			outputPaths = (
				"${TARGET_BUILD_DIR}/${FRAMEWORKS_FOLDER_PATH}/Alamofire.framework",
				"${TARGET_BUILD_DIR}/${FRAMEWORKS_FOLDER_PATH}/Kingfisher.framework",
			);
			runOnlyForDeploymentPostprocessing = 0;
			shellPath = /bin/sh;
			shellScript = "\"${SRCROOT}/Pods/Target Support Files/Pods-Rick&Morty/Pods-Rick&Morty-frameworks.sh\"\n";
			showEnvVarsInLog = 0;
		};
		75080F95E24D52AEA3143758 /* [CP] Copy Pods Resources */ = {
			isa = PBXShellScriptBuildPhase;
			buildActionMask = 2147483647;
			files = (
			);
			inputPaths = (
			);
			name = "[CP] Copy Pods Resources";
			outputPaths = (
			);
			runOnlyForDeploymentPostprocessing = 0;
			shellPath = /bin/sh;
			shellScript = "\"${SRCROOT}/Pods/Target Support Files/Pods-Rick&Morty/Pods-Rick&Morty-resources.sh\"\n";
			showEnvVarsInLog = 0;
		};
		8FD1EFD30E7C0902EF32BFAC /* [CP] Check Pods Manifest.lock */ = {
			isa = PBXShellScriptBuildPhase;
			buildActionMask = 2147483647;
			files = (
			);
			inputPaths = (
				"${PODS_PODFILE_DIR_PATH}/Podfile.lock",
				"${PODS_ROOT}/Manifest.lock",
			);
			name = "[CP] Check Pods Manifest.lock";
			outputPaths = (
				"$(DERIVED_FILE_DIR)/Pods-Rick&Morty-checkManifestLockResult.txt",
			);
			runOnlyForDeploymentPostprocessing = 0;
			shellPath = /bin/sh;
			shellScript = "diff \"${PODS_PODFILE_DIR_PATH}/Podfile.lock\" \"${PODS_ROOT}/Manifest.lock\" > /dev/null\nif [ $? != 0 ] ; then\n    # print error to STDERR\n    echo \"error: The sandbox is not in sync with the Podfile.lock. Run 'pod install' or update your CocoaPods installation.\" >&2\n    exit 1\nfi\n# This output is used by Xcode 'outputs' to avoid re-running this script phase.\necho \"SUCCESS\" > \"${SCRIPT_OUTPUT_FILE_0}\"\n";
			showEnvVarsInLog = 0;
		};
/* End PBXShellScriptBuildPhase section */

/* Begin PBXSourcesBuildPhase section */
		8F2799C420E3FB950099715A /* Sources */ = {
			isa = PBXSourcesBuildPhase;
			buildActionMask = 2147483647;
			files = (
				8FDE2BDC20E4F102005E98BF /* CharactersViewModel.swift in Sources */,
				8FDE2BE220E506B1005E98BF /* CharacterTableViewCell.swift in Sources */,
				8FDE2BC220E4E004005E98BF /* Gender.swift in Sources */,
				8FDE2BC620E4E119005E98BF /* LocationLink.swift in Sources */,
				8FDE2BDE20E5025E005E98BF /* BaseResponse.swift in Sources */,
				8FDE2BCE20E4E53D005E98BF /* Episode.swift in Sources */,
				8FDE2BC020E4DFF4005E98BF /* CharacterStatus.swift in Sources */,
				8F2799CC20E3FB950099715A /* AppDelegate.swift in Sources */,
				8FDE2BC920E4E2F5005E98BF /* Location.swift in Sources */,
				8FDE2BBE20E4DE4F005E98BF /* Character.swift in Sources */,
				8FDE2BE020E5046C005E98BF /* DataResponseError.swift in Sources */,
				8FDE2BD720E4ED5A005E98BF /* ApiRouter.swift in Sources */,
				8FDE2BD520E4EC0B005E98BF /* CharactersController.swift in Sources */,
				8FDE2BD120E4E729005E98BF /* URLable.swift in Sources */,
				8FDE2BE420E50718005E98BF /* StoryboardIdentifiable.swift in Sources */,
			);
			runOnlyForDeploymentPostprocessing = 0;
		};
/* End PBXSourcesBuildPhase section */

/* Begin PBXVariantGroup section */
		8F2799CF20E3FB950099715A /* Main.storyboard */ = {
			isa = PBXVariantGroup;
			children = (
				8F2799D020E3FB950099715A /* Base */,
			);
			name = Main.storyboard;
			sourceTree = "<group>";
		};
		8F2799D420E3FB970099715A /* LaunchScreen.storyboard */ = {
			isa = PBXVariantGroup;
			children = (
				8F2799D520E3FB970099715A /* Base */,
			);
			name = LaunchScreen.storyboard;
			sourceTree = "<group>";
		};
/* End PBXVariantGroup section */

/* Begin XCBuildConfiguration section */
		8F2799D820E3FB970099715A /* Debug */ = {
			isa = XCBuildConfiguration;
			buildSettings = {
				ALWAYS_SEARCH_USER_PATHS = NO;
				CLANG_ANALYZER_NONNULL = YES;
				CLANG_ANALYZER_NUMBER_OBJECT_CONVERSION = YES_AGGRESSIVE;
				CLANG_CXX_LANGUAGE_STANDARD = "gnu++14";
				CLANG_CXX_LIBRARY = "libc++";
				CLANG_ENABLE_MODULES = YES;
				CLANG_ENABLE_OBJC_ARC = YES;
				CLANG_ENABLE_OBJC_WEAK = YES;
				CLANG_WARN_BLOCK_CAPTURE_AUTORELEASING = YES;
				CLANG_WARN_BOOL_CONVERSION = YES;
				CLANG_WARN_COMMA = YES;
				CLANG_WARN_CONSTANT_CONVERSION = YES;
				CLANG_WARN_DEPRECATED_OBJC_IMPLEMENTATIONS = YES;
				CLANG_WARN_DIRECT_OBJC_ISA_USAGE = YES_ERROR;
				CLANG_WARN_DOCUMENTATION_COMMENTS = YES;
				CLANG_WARN_EMPTY_BODY = YES;
				CLANG_WARN_ENUM_CONVERSION = YES;
				CLANG_WARN_INFINITE_RECURSION = YES;
				CLANG_WARN_INT_CONVERSION = YES;
				CLANG_WARN_NON_LITERAL_NULL_CONVERSION = YES;
				CLANG_WARN_OBJC_IMPLICIT_RETAIN_SELF = YES;
				CLANG_WARN_OBJC_LITERAL_CONVERSION = YES;
				CLANG_WARN_OBJC_ROOT_CLASS = YES_ERROR;
				CLANG_WARN_RANGE_LOOP_ANALYSIS = YES;
				CLANG_WARN_STRICT_PROTOTYPES = YES;
				CLANG_WARN_SUSPICIOUS_MOVE = YES;
				CLANG_WARN_UNGUARDED_AVAILABILITY = YES_AGGRESSIVE;
				CLANG_WARN_UNREACHABLE_CODE = YES;
				CLANG_WARN__DUPLICATE_METHOD_MATCH = YES;
				CODE_SIGN_IDENTITY = "iPhone Developer";
				COPY_PHASE_STRIP = NO;
				DEBUG_INFORMATION_FORMAT = dwarf;
				ENABLE_STRICT_OBJC_MSGSEND = YES;
				ENABLE_TESTABILITY = YES;
				GCC_C_LANGUAGE_STANDARD = gnu11;
				GCC_DYNAMIC_NO_PIC = NO;
				GCC_NO_COMMON_BLOCKS = YES;
				GCC_OPTIMIZATION_LEVEL = 0;
				GCC_PREPROCESSOR_DEFINITIONS = (
					"DEBUG=1",
					"$(inherited)",
				);
				GCC_WARN_64_TO_32_BIT_CONVERSION = YES;
				GCC_WARN_ABOUT_RETURN_TYPE = YES_ERROR;
				GCC_WARN_UNDECLARED_SELECTOR = YES;
				GCC_WARN_UNINITIALIZED_AUTOS = YES_AGGRESSIVE;
				GCC_WARN_UNUSED_FUNCTION = YES;
				GCC_WARN_UNUSED_VARIABLE = YES;
				IPHONEOS_DEPLOYMENT_TARGET = 11.3;
				MTL_ENABLE_DEBUG_INFO = YES;
				ONLY_ACTIVE_ARCH = YES;
				SDKROOT = iphoneos;
				SWIFT_ACTIVE_COMPILATION_CONDITIONS = DEBUG;
				SWIFT_OPTIMIZATION_LEVEL = "-Onone";
			};
			name = Debug;
		};
		8F2799D920E3FB970099715A /* Release */ = {
			isa = XCBuildConfiguration;
			buildSettings = {
				ALWAYS_SEARCH_USER_PATHS = NO;
				CLANG_ANALYZER_NONNULL = YES;
				CLANG_ANALYZER_NUMBER_OBJECT_CONVERSION = YES_AGGRESSIVE;
				CLANG_CXX_LANGUAGE_STANDARD = "gnu++14";
				CLANG_CXX_LIBRARY = "libc++";
				CLANG_ENABLE_MODULES = YES;
				CLANG_ENABLE_OBJC_ARC = YES;
				CLANG_ENABLE_OBJC_WEAK = YES;
				CLANG_WARN_BLOCK_CAPTURE_AUTORELEASING = YES;
				CLANG_WARN_BOOL_CONVERSION = YES;
				CLANG_WARN_COMMA = YES;
				CLANG_WARN_CONSTANT_CONVERSION = YES;
				CLANG_WARN_DEPRECATED_OBJC_IMPLEMENTATIONS = YES;
				CLANG_WARN_DIRECT_OBJC_ISA_USAGE = YES_ERROR;
				CLANG_WARN_DOCUMENTATION_COMMENTS = YES;
				CLANG_WARN_EMPTY_BODY = YES;
				CLANG_WARN_ENUM_CONVERSION = YES;
				CLANG_WARN_INFINITE_RECURSION = YES;
				CLANG_WARN_INT_CONVERSION = YES;
				CLANG_WARN_NON_LITERAL_NULL_CONVERSION = YES;
				CLANG_WARN_OBJC_IMPLICIT_RETAIN_SELF = YES;
				CLANG_WARN_OBJC_LITERAL_CONVERSION = YES;
				CLANG_WARN_OBJC_ROOT_CLASS = YES_ERROR;
				CLANG_WARN_RANGE_LOOP_ANALYSIS = YES;
				CLANG_WARN_STRICT_PROTOTYPES = YES;
				CLANG_WARN_SUSPICIOUS_MOVE = YES;
				CLANG_WARN_UNGUARDED_AVAILABILITY = YES_AGGRESSIVE;
				CLANG_WARN_UNREACHABLE_CODE = YES;
				CLANG_WARN__DUPLICATE_METHOD_MATCH = YES;
				CODE_SIGN_IDENTITY = "iPhone Developer";
				COPY_PHASE_STRIP = NO;
				DEBUG_INFORMATION_FORMAT = "dwarf-with-dsym";
				ENABLE_NS_ASSERTIONS = NO;
				ENABLE_STRICT_OBJC_MSGSEND = YES;
				GCC_C_LANGUAGE_STANDARD = gnu11;
				GCC_NO_COMMON_BLOCKS = YES;
				GCC_WARN_64_TO_32_BIT_CONVERSION = YES;
				GCC_WARN_ABOUT_RETURN_TYPE = YES_ERROR;
				GCC_WARN_UNDECLARED_SELECTOR = YES;
				GCC_WARN_UNINITIALIZED_AUTOS = YES_AGGRESSIVE;
				GCC_WARN_UNUSED_FUNCTION = YES;
				GCC_WARN_UNUSED_VARIABLE = YES;
				IPHONEOS_DEPLOYMENT_TARGET = 11.3;
				MTL_ENABLE_DEBUG_INFO = NO;
				SDKROOT = iphoneos;
				SWIFT_COMPILATION_MODE = wholemodule;
				SWIFT_OPTIMIZATION_LEVEL = "-O";
				VALIDATE_PRODUCT = YES;
			};
			name = Release;
		};
		8F2799DB20E3FB970099715A /* Debug */ = {
			isa = XCBuildConfiguration;
			baseConfigurationReference = B4FBDEE086BED61772B42016 /* Pods-Rick&Morty.debug.xcconfig */;
			buildSettings = {
				ASSETCATALOG_COMPILER_APPICON_NAME = AppIcon;
				CODE_SIGN_STYLE = Automatic;
				DEVELOPMENT_TEAM = D926P89TC6;
				INFOPLIST_FILE = "$(SRCROOT)/Rick&Morty/Resources/Info.plist";
				LD_RUNPATH_SEARCH_PATHS = (
					"$(inherited)",
					"@executable_path/Frameworks",
				);
				PRODUCT_BUNDLE_IDENTIFIER = "inoXoft.Rick-Morty";
				PRODUCT_NAME = "$(TARGET_NAME)";
				SWIFT_VERSION = 4.0;
				TARGETED_DEVICE_FAMILY = "1,2";
			};
			name = Debug;
		};
		8F2799DC20E3FB970099715A /* Release */ = {
			isa = XCBuildConfiguration;
			baseConfigurationReference = 3503A7C24EB23B13437268E6 /* Pods-Rick&Morty.release.xcconfig */;
			buildSettings = {
				ASSETCATALOG_COMPILER_APPICON_NAME = AppIcon;
				CODE_SIGN_STYLE = Automatic;
				DEVELOPMENT_TEAM = D926P89TC6;
				INFOPLIST_FILE = "$(SRCROOT)/Rick&Morty/Resources/Info.plist";
				LD_RUNPATH_SEARCH_PATHS = (
					"$(inherited)",
					"@executable_path/Frameworks",
				);
				PRODUCT_BUNDLE_IDENTIFIER = "inoXoft.Rick-Morty";
				PRODUCT_NAME = "$(TARGET_NAME)";
				SWIFT_VERSION = 4.0;
				TARGETED_DEVICE_FAMILY = "1,2";
			};
			name = Release;
		};
/* End XCBuildConfiguration section */

/* Begin XCConfigurationList section */
		8F2799C320E3FB950099715A /* Build configuration list for PBXProject "Rick&Morty" */ = {
			isa = XCConfigurationList;
			buildConfigurations = (
				8F2799D820E3FB970099715A /* Debug */,
				8F2799D920E3FB970099715A /* Release */,
			);
			defaultConfigurationIsVisible = 0;
			defaultConfigurationName = Release;
		};
		8F2799DA20E3FB970099715A /* Build configuration list for PBXNativeTarget "Rick&Morty" */ = {
			isa = XCConfigurationList;
			buildConfigurations = (
				8F2799DB20E3FB970099715A /* Debug */,
				8F2799DC20E3FB970099715A /* Release */,
			);
			defaultConfigurationIsVisible = 0;
			defaultConfigurationName = Release;
		};
/* End XCConfigurationList section */
	};
	rootObject = 8F2799C020E3FB950099715A /* Project object */;
}
